// !$*UTF8*$!
{
	archiveVersion = 1;
	classes = {
	};
	objectVersion = 56;
	objects = {

/* Begin PBXBuildFile section */
		5C839CFB29942D1E00ECCD91 /* LoginViewController.swift in Sources */ = {isa = PBXBuildFile; fileRef = 5C839CFA29942D1E00ECCD91 /* LoginViewController.swift */; };
		5C839CFE29942D5600ECCD91 /* LoginViewModel.swift in Sources */ = {isa = PBXBuildFile; fileRef = 5C839CFD29942D5600ECCD91 /* LoginViewModel.swift */; };
		5C839D0029942D6400ECCD91 /* LoginScreen.swift in Sources */ = {isa = PBXBuildFile; fileRef = 5C839CFF29942D6400ECCD91 /* LoginScreen.swift */; };
		BE8F153D299427A30061E432 /* AppDelegate.swift in Sources */ = {isa = PBXBuildFile; fileRef = BE8F153C299427A30061E432 /* AppDelegate.swift */; };
		BE8F153F299427A30061E432 /* SceneDelegate.swift in Sources */ = {isa = PBXBuildFile; fileRef = BE8F153E299427A30061E432 /* SceneDelegate.swift */; };
		BE8F1546299427A40061E432 /* Assets.xcassets in Resources */ = {isa = PBXBuildFile; fileRef = BE8F1545299427A40061E432 /* Assets.xcassets */; };
		BE8F1549299427A40061E432 /* LaunchScreen.storyboard in Resources */ = {isa = PBXBuildFile; fileRef = BE8F1547299427A40061E432 /* LaunchScreen.storyboard */; };
		EB90EA5129942CF300FC36CF /* RegisterScreen.swift in Sources */ = {isa = PBXBuildFile; fileRef = EB90EA5029942CF300FC36CF /* RegisterScreen.swift */; };
		EB90EA5329942D0900FC36CF /* RegisterVC.swift in Sources */ = {isa = PBXBuildFile; fileRef = EB90EA5229942D0900FC36CF /* RegisterVC.swift */; };
		EB90EA5629942ED400FC36CF /* ViewCode.swift in Sources */ = {isa = PBXBuildFile; fileRef = EB90EA5529942ED400FC36CF /* ViewCode.swift */; };
/* End PBXBuildFile section */

/* Begin PBXFileReference section */
		5C839CFA29942D1E00ECCD91 /* LoginViewController.swift */ = {isa = PBXFileReference; fileEncoding = 4; lastKnownFileType = sourcecode.swift; path = LoginViewController.swift; sourceTree = "<group>"; };
		5C839CFD29942D5600ECCD91 /* LoginViewModel.swift */ = {isa = PBXFileReference; fileEncoding = 4; lastKnownFileType = sourcecode.swift; path = LoginViewModel.swift; sourceTree = "<group>"; };
		5C839CFF29942D6400ECCD91 /* LoginScreen.swift */ = {isa = PBXFileReference; fileEncoding = 4; lastKnownFileType = sourcecode.swift; path = LoginScreen.swift; sourceTree = "<group>"; };
		BE8F1539299427A30061E432 /* rickMorty.app */ = {isa = PBXFileReference; explicitFileType = wrapper.application; includeInIndex = 0; path = rickMorty.app; sourceTree = BUILT_PRODUCTS_DIR; };
		BE8F153C299427A30061E432 /* AppDelegate.swift */ = {isa = PBXFileReference; lastKnownFileType = sourcecode.swift; path = AppDelegate.swift; sourceTree = "<group>"; };
		BE8F153E299427A30061E432 /* SceneDelegate.swift */ = {isa = PBXFileReference; lastKnownFileType = sourcecode.swift; path = SceneDelegate.swift; sourceTree = "<group>"; };
		BE8F1545299427A40061E432 /* Assets.xcassets */ = {isa = PBXFileReference; lastKnownFileType = folder.assetcatalog; path = Assets.xcassets; sourceTree = "<group>"; };
		BE8F1548299427A40061E432 /* Base */ = {isa = PBXFileReference; lastKnownFileType = file.storyboard; name = Base; path = Base.lproj/LaunchScreen.storyboard; sourceTree = "<group>"; };
		BE8F154A299427A40061E432 /* Info.plist */ = {isa = PBXFileReference; lastKnownFileType = text.plist.xml; path = Info.plist; sourceTree = "<group>"; };
		EB90EA5029942CF300FC36CF /* RegisterScreen.swift */ = {isa = PBXFileReference; lastKnownFileType = sourcecode.swift; path = RegisterScreen.swift; sourceTree = "<group>"; };
		EB90EA5229942D0900FC36CF /* RegisterVC.swift */ = {isa = PBXFileReference; lastKnownFileType = sourcecode.swift; path = RegisterVC.swift; sourceTree = "<group>"; };
		EB90EA5529942ED400FC36CF /* ViewCode.swift */ = {isa = PBXFileReference; fileEncoding = 4; lastKnownFileType = sourcecode.swift; path = ViewCode.swift; sourceTree = "<group>"; };
/* End PBXFileReference section */

/* Begin PBXFrameworksBuildPhase section */
		BE8F1536299427A30061E432 /* Frameworks */ = {
			isa = PBXFrameworksBuildPhase;
			buildActionMask = 2147483647;
			files = (
			);
			runOnlyForDeploymentPostprocessing = 0;
		};
/* End PBXFrameworksBuildPhase section */

/* Begin PBXGroup section */
		5C839CF929942CC500ECCD91 /* Login */ = {
			isa = PBXGroup;
			children = (
				5C839CFA29942D1E00ECCD91 /* LoginViewController.swift */,
				5C839CFD29942D5600ECCD91 /* LoginViewModel.swift */,
				5C839CFF29942D6400ECCD91 /* LoginScreen.swift */,
			);
			path = Login;
			sourceTree = "<group>";
		};
		5C839CFC29942D3700ECCD91 /* Features */ = {
			isa = PBXGroup;
			children = (
				5C839CF929942CC500ECCD91 /* Login */,
			);
			path = Features;
			sourceTree = "<group>";
		};
		BE8F1530299427A30061E432 = {
			isa = PBXGroup;
			children = (
				BE8F153B299427A30061E432 /* rickMorty */,
				BE8F153A299427A30061E432 /* Products */,
			);
			sourceTree = "<group>";
		};
		BE8F153A299427A30061E432 /* Products */ = {
			isa = PBXGroup;
			children = (
				BE8F1539299427A30061E432 /* rickMorty.app */,
			);
			name = Products;
			sourceTree = "<group>";
		};
		BE8F153B299427A30061E432 /* rickMorty */ = {
			isa = PBXGroup;
			children = (
				5C839CFC29942D3700ECCD91 /* Features */,
				EB90EA5429942EC000FC36CF /* Protocol */,
				EB90EA4A29942C9400FC36CF /* Features */,
				BE8F153C299427A30061E432 /* AppDelegate.swift */,
				BE8F153E299427A30061E432 /* SceneDelegate.swift */,
				BE8F1545299427A40061E432 /* Assets.xcassets */,
				BE8F1547299427A40061E432 /* LaunchScreen.storyboard */,
				BE8F154A299427A40061E432 /* Info.plist */,
			);
			path = rickMorty;
			sourceTree = "<group>";
		};
		EB90EA4A29942C9400FC36CF /* Features */ = {
			isa = PBXGroup;
			children = (
				EB90EA4D29942CAB00FC36CF /* ForgotPassword */,
				EB90EA4C29942CA300FC36CF /* Register */,
				EB90EA4B29942C9B00FC36CF /* Login */,
			);
			path = Features;
			sourceTree = "<group>";
		};
		EB90EA4B29942C9B00FC36CF /* Login */ = {
			isa = PBXGroup;
			children = (
			);
			path = Login;
			sourceTree = "<group>";
		};
		EB90EA4C29942CA300FC36CF /* Register */ = {
			isa = PBXGroup;
			children = (
				EB90EA5029942CF300FC36CF /* RegisterScreen.swift */,
				EB90EA5229942D0900FC36CF /* RegisterVC.swift */,
			);
			path = Register;
			sourceTree = "<group>";
		};
		EB90EA4D29942CAB00FC36CF /* ForgotPassword */ = {
			isa = PBXGroup;
			children = (
			);
			path = ForgotPassword;
			sourceTree = "<group>";
		};
		EB90EA5429942EC000FC36CF /* Protocol */ = {
			isa = PBXGroup;
			children = (
				EB90EA5529942ED400FC36CF /* ViewCode.swift */,
			);
			path = Protocol;
			sourceTree = "<group>";
		};
/* End PBXGroup section */

/* Begin PBXNativeTarget section */
		BE8F1538299427A30061E432 /* rickMorty */ = {
			isa = PBXNativeTarget;
			buildConfigurationList = BE8F154D299427A40061E432 /* Build configuration list for PBXNativeTarget "rickMorty" */;
			buildPhases = (
				BE8F1535299427A30061E432 /* Sources */,
				BE8F1536299427A30061E432 /* Frameworks */,
				BE8F1537299427A30061E432 /* Resources */,
			);
			buildRules = (
			);
			dependencies = (
			);
			name = rickMorty;
			productName = rickMorty;
			productReference = BE8F1539299427A30061E432 /* rickMorty.app */;
			productType = "com.apple.product-type.application";
		};
/* End PBXNativeTarget section */

/* Begin PBXProject section */
		BE8F1531299427A30061E432 /* Project object */ = {
			isa = PBXProject;
			attributes = {
				BuildIndependentTargetsInParallel = 1;
				LastSwiftUpdateCheck = 1420;
				LastUpgradeCheck = 1420;
				TargetAttributes = {
					BE8F1538299427A30061E432 = {
						CreatedOnToolsVersion = 14.2;
					};
				};
			};
			buildConfigurationList = BE8F1534299427A30061E432 /* Build configuration list for PBXProject "rickMorty" */;
			compatibilityVersion = "Xcode 14.0";
			developmentRegion = en;
			hasScannedForEncodings = 0;
			knownRegions = (
				en,
				Base,
			);
			mainGroup = BE8F1530299427A30061E432;
			productRefGroup = BE8F153A299427A30061E432 /* Products */;
			projectDirPath = "";
			projectRoot = "";
			targets = (
				BE8F1538299427A30061E432 /* rickMorty */,
			);
		};
/* End PBXProject section */

/* Begin PBXResourcesBuildPhase section */
		BE8F1537299427A30061E432 /* Resources */ = {
			isa = PBXResourcesBuildPhase;
			buildActionMask = 2147483647;
			files = (
				BE8F1549299427A40061E432 /* LaunchScreen.storyboard in Resources */,
				BE8F1546299427A40061E432 /* Assets.xcassets in Resources */,
			);
			runOnlyForDeploymentPostprocessing = 0;
		};
/* End PBXResourcesBuildPhase section */

/* Begin PBXSourcesBuildPhase section */
		BE8F1535299427A30061E432 /* Sources */ = {
			isa = PBXSourcesBuildPhase;
			buildActionMask = 2147483647;
			files = (
				5C839CFE29942D5600ECCD91 /* LoginViewModel.swift in Sources */,
				5C839CFB29942D1E00ECCD91 /* LoginViewController.swift in Sources */,
				EB90EA5129942CF300FC36CF /* RegisterScreen.swift in Sources */,
				EB90EA5629942ED400FC36CF /* ViewCode.swift in Sources */,
				EB90EA5329942D0900FC36CF /* RegisterVC.swift in Sources */,
				BE8F153D299427A30061E432 /* AppDelegate.swift in Sources */,
				BE8F153F299427A30061E432 /* SceneDelegate.swift in Sources */,
				5C839D0029942D6400ECCD91 /* LoginScreen.swift in Sources */,
			);
			runOnlyForDeploymentPostprocessing = 0;
		};
/* End PBXSourcesBuildPhase section */

/* Begin PBXVariantGroup section */
		BE8F1547299427A40061E432 /* LaunchScreen.storyboard */ = {
			isa = PBXVariantGroup;
			children = (
				BE8F1548299427A40061E432 /* Base */,
			);
			name = LaunchScreen.storyboard;
			sourceTree = "<group>";
		};
/* End PBXVariantGroup section */

/* Begin XCBuildConfiguration section */
		BE8F154B299427A40061E432 /* Debug */ = {
			isa = XCBuildConfiguration;
			buildSettings = {
				ALWAYS_SEARCH_USER_PATHS = NO;
				CLANG_ANALYZER_NONNULL = YES;
				CLANG_ANALYZER_NUMBER_OBJECT_CONVERSION = YES_AGGRESSIVE;
				CLANG_CXX_LANGUAGE_STANDARD = "gnu++20";
				CLANG_ENABLE_MODULES = YES;
				CLANG_ENABLE_OBJC_ARC = YES;
				CLANG_ENABLE_OBJC_WEAK = YES;
				CLANG_WARN_BLOCK_CAPTURE_AUTORELEASING = YES;
				CLANG_WARN_BOOL_CONVERSION = YES;
				CLANG_WARN_COMMA = YES;
				CLANG_WARN_CONSTANT_CONVERSION = YES;
				CLANG_WARN_DEPRECATED_OBJC_IMPLEMENTATIONS = YES;
				CLANG_WARN_DIRECT_OBJC_ISA_USAGE = YES_ERROR;
				CLANG_WARN_DOCUMENTATION_COMMENTS = YES;
				CLANG_WARN_EMPTY_BODY = YES;
				CLANG_WARN_ENUM_CONVERSION = YES;
				CLANG_WARN_INFINITE_RECURSION = YES;
				CLANG_WARN_INT_CONVERSION = YES;
				CLANG_WARN_NON_LITERAL_NULL_CONVERSION = YES;
				CLANG_WARN_OBJC_IMPLICIT_RETAIN_SELF = YES;
				CLANG_WARN_OBJC_LITERAL_CONVERSION = YES;
				CLANG_WARN_OBJC_ROOT_CLASS = YES_ERROR;
				CLANG_WARN_QUOTED_INCLUDE_IN_FRAMEWORK_HEADER = YES;
				CLANG_WARN_RANGE_LOOP_ANALYSIS = YES;
				CLANG_WARN_STRICT_PROTOTYPES = YES;
				CLANG_WARN_SUSPICIOUS_MOVE = YES;
				CLANG_WARN_UNGUARDED_AVAILABILITY = YES_AGGRESSIVE;
				CLANG_WARN_UNREACHABLE_CODE = YES;
				CLANG_WARN__DUPLICATE_METHOD_MATCH = YES;
				COPY_PHASE_STRIP = NO;
				DEBUG_INFORMATION_FORMAT = dwarf;
				ENABLE_STRICT_OBJC_MSGSEND = YES;
				ENABLE_TESTABILITY = YES;
				GCC_C_LANGUAGE_STANDARD = gnu11;
				GCC_DYNAMIC_NO_PIC = NO;
				GCC_NO_COMMON_BLOCKS = YES;
				GCC_OPTIMIZATION_LEVEL = 0;
				GCC_PREPROCESSOR_DEFINITIONS = (
					"DEBUG=1",
					"$(inherited)",
				);
				GCC_WARN_64_TO_32_BIT_CONVERSION = YES;
				GCC_WARN_ABOUT_RETURN_TYPE = YES_ERROR;
				GCC_WARN_UNDECLARED_SELECTOR = YES;
				GCC_WARN_UNINITIALIZED_AUTOS = YES_AGGRESSIVE;
				GCC_WARN_UNUSED_FUNCTION = YES;
				GCC_WARN_UNUSED_VARIABLE = YES;
				IPHONEOS_DEPLOYMENT_TARGET = 16.2;
				MTL_ENABLE_DEBUG_INFO = INCLUDE_SOURCE;
				MTL_FAST_MATH = YES;
				ONLY_ACTIVE_ARCH = YES;
				SDKROOT = iphoneos;
				SWIFT_ACTIVE_COMPILATION_CONDITIONS = DEBUG;
				SWIFT_OPTIMIZATION_LEVEL = "-Onone";
			};
			name = Debug;
		};
		BE8F154C299427A40061E432 /* Release */ = {
			isa = XCBuildConfiguration;
			buildSettings = {
				ALWAYS_SEARCH_USER_PATHS = NO;
				CLANG_ANALYZER_NONNULL = YES;
				CLANG_ANALYZER_NUMBER_OBJECT_CONVERSION = YES_AGGRESSIVE;
				CLANG_CXX_LANGUAGE_STANDARD = "gnu++20";
				CLANG_ENABLE_MODULES = YES;
				CLANG_ENABLE_OBJC_ARC = YES;
				CLANG_ENABLE_OBJC_WEAK = YES;
				CLANG_WARN_BLOCK_CAPTURE_AUTORELEASING = YES;
				CLANG_WARN_BOOL_CONVERSION = YES;
				CLANG_WARN_COMMA = YES;
				CLANG_WARN_CONSTANT_CONVERSION = YES;
				CLANG_WARN_DEPRECATED_OBJC_IMPLEMENTATIONS = YES;
				CLANG_WARN_DIRECT_OBJC_ISA_USAGE = YES_ERROR;
				CLANG_WARN_DOCUMENTATION_COMMENTS = YES;
				CLANG_WARN_EMPTY_BODY = YES;
				CLANG_WARN_ENUM_CONVERSION = YES;
				CLANG_WARN_INFINITE_RECURSION = YES;
				CLANG_WARN_INT_CONVERSION = YES;
				CLANG_WARN_NON_LITERAL_NULL_CONVERSION = YES;
				CLANG_WARN_OBJC_IMPLICIT_RETAIN_SELF = YES;
				CLANG_WARN_OBJC_LITERAL_CONVERSION = YES;
				CLANG_WARN_OBJC_ROOT_CLASS = YES_ERROR;
				CLANG_WARN_QUOTED_INCLUDE_IN_FRAMEWORK_HEADER = YES;
				CLANG_WARN_RANGE_LOOP_ANALYSIS = YES;
				CLANG_WARN_STRICT_PROTOTYPES = YES;
				CLANG_WARN_SUSPICIOUS_MOVE = YES;
				CLANG_WARN_UNGUARDED_AVAILABILITY = YES_AGGRESSIVE;
				CLANG_WARN_UNREACHABLE_CODE = YES;
				CLANG_WARN__DUPLICATE_METHOD_MATCH = YES;
				COPY_PHASE_STRIP = NO;
				DEBUG_INFORMATION_FORMAT = "dwarf-with-dsym";
				ENABLE_NS_ASSERTIONS = NO;
				ENABLE_STRICT_OBJC_MSGSEND = YES;
				GCC_C_LANGUAGE_STANDARD = gnu11;
				GCC_NO_COMMON_BLOCKS = YES;
				GCC_WARN_64_TO_32_BIT_CONVERSION = YES;
				GCC_WARN_ABOUT_RETURN_TYPE = YES_ERROR;
				GCC_WARN_UNDECLARED_SELECTOR = YES;
				GCC_WARN_UNINITIALIZED_AUTOS = YES_AGGRESSIVE;
				GCC_WARN_UNUSED_FUNCTION = YES;
				GCC_WARN_UNUSED_VARIABLE = YES;
				IPHONEOS_DEPLOYMENT_TARGET = 16.2;
				MTL_ENABLE_DEBUG_INFO = NO;
				MTL_FAST_MATH = YES;
				SDKROOT = iphoneos;
				SWIFT_COMPILATION_MODE = wholemodule;
				SWIFT_OPTIMIZATION_LEVEL = "-O";
				VALIDATE_PRODUCT = YES;
			};
			name = Release;
		};
		BE8F154E299427A40061E432 /* Debug */ = {
			isa = XCBuildConfiguration;
			buildSettings = {
				ASSETCATALOG_COMPILER_APPICON_NAME = AppIcon;
				ASSETCATALOG_COMPILER_GLOBAL_ACCENT_COLOR_NAME = AccentColor;
				CODE_SIGN_STYLE = Automatic;
				CURRENT_PROJECT_VERSION = 1;
				DEVELOPMENT_TEAM = PM3M64CY8Z;
				GENERATE_INFOPLIST_FILE = YES;
				INFOPLIST_FILE = rickMorty/Info.plist;
				INFOPLIST_KEY_UIApplicationSupportsIndirectInputEvents = YES;
				INFOPLIST_KEY_UILaunchStoryboardName = LaunchScreen;
				INFOPLIST_KEY_UIMainStoryboardFile = "";
				INFOPLIST_KEY_UISupportedInterfaceOrientations_iPad = "UIInterfaceOrientationPortrait UIInterfaceOrientationPortraitUpsideDown UIInterfaceOrientationLandscapeLeft UIInterfaceOrientationLandscapeRight";
				INFOPLIST_KEY_UISupportedInterfaceOrientations_iPhone = "UIInterfaceOrientationPortrait UIInterfaceOrientationLandscapeLeft UIInterfaceOrientationLandscapeRight";
				IPHONEOS_DEPLOYMENT_TARGET = 16.1;
				LD_RUNPATH_SEARCH_PATHS = (
					"$(inherited)",
					"@executable_path/Frameworks",
				);
				MARKETING_VERSION = 1.0;
				PRODUCT_BUNDLE_IDENTIFIER = devbrunolopes.rickMorty;
				PRODUCT_NAME = "$(TARGET_NAME)";
				SWIFT_EMIT_LOC_STRINGS = YES;
				SWIFT_VERSION = 5.0;
				TARGETED_DEVICE_FAMILY = "1,2";
			};
			name = Debug;
		};
		BE8F154F299427A40061E432 /* Release */ = {
			isa = XCBuildConfiguration;
			buildSettings = {
				ASSETCATALOG_COMPILER_APPICON_NAME = AppIcon;
				ASSETCATALOG_COMPILER_GLOBAL_ACCENT_COLOR_NAME = AccentColor;
				CODE_SIGN_STYLE = Automatic;
				CURRENT_PROJECT_VERSION = 1;
				DEVELOPMENT_TEAM = PM3M64CY8Z;
				GENERATE_INFOPLIST_FILE = YES;
				INFOPLIST_FILE = rickMorty/Info.plist;
				INFOPLIST_KEY_UIApplicationSupportsIndirectInputEvents = YES;
				INFOPLIST_KEY_UILaunchStoryboardName = LaunchScreen;
				INFOPLIST_KEY_UIMainStoryboardFile = "";
				INFOPLIST_KEY_UISupportedInterfaceOrientations_iPad = "UIInterfaceOrientationPortrait UIInterfaceOrientationPortraitUpsideDown UIInterfaceOrientationLandscapeLeft UIInterfaceOrientationLandscapeRight";
				INFOPLIST_KEY_UISupportedInterfaceOrientations_iPhone = "UIInterfaceOrientationPortrait UIInterfaceOrientationLandscapeLeft UIInterfaceOrientationLandscapeRight";
				IPHONEOS_DEPLOYMENT_TARGET = 16.1;
				LD_RUNPATH_SEARCH_PATHS = (
					"$(inherited)",
					"@executable_path/Frameworks",
				);
				MARKETING_VERSION = 1.0;
				PRODUCT_BUNDLE_IDENTIFIER = devbrunolopes.rickMorty;
				PRODUCT_NAME = "$(TARGET_NAME)";
				SWIFT_EMIT_LOC_STRINGS = YES;
				SWIFT_VERSION = 5.0;
				TARGETED_DEVICE_FAMILY = "1,2";
			};
			name = Release;
		};
/* End XCBuildConfiguration section */

/* Begin XCConfigurationList section */
		BE8F1534299427A30061E432 /* Build configuration list for PBXProject "rickMorty" */ = {
			isa = XCConfigurationList;
			buildConfigurations = (
				BE8F154B299427A40061E432 /* Debug */,
				BE8F154C299427A40061E432 /* Release */,
			);
			defaultConfigurationIsVisible = 0;
			defaultConfigurationName = Release;
		};
		BE8F154D299427A40061E432 /* Build configuration list for PBXNativeTarget "rickMorty" */ = {
			isa = XCConfigurationList;
			buildConfigurations = (
				BE8F154E299427A40061E432 /* Debug */,
				BE8F154F299427A40061E432 /* Release */,
			);
			defaultConfigurationIsVisible = 0;
			defaultConfigurationName = Release;
		};
/* End XCConfigurationList section */
	};
	rootObject = BE8F1531299427A30061E432 /* Project object */;
}
