// !$*UTF8*$!
{
	archiveVersion = 1;
	classes = {
	};
	objectVersion = 56;
	objects = {

/* Begin PBXBuildFile section */
		5C839CFB29942D1E00ECCD91 /* LoginVC.swift in Sources */ = {isa = PBXBuildFile; fileRef = 5C839CFA29942D1E00ECCD91 /* LoginVC.swift */; };
		5C839D0029942D6400ECCD91 /* LoginScreen.swift in Sources */ = {isa = PBXBuildFile; fileRef = 5C839CFF29942D6400ECCD91 /* LoginScreen.swift */; };
		5C839D0629942F1C00ECCD91 /* ForgotPasswordScreen.swift in Sources */ = {isa = PBXBuildFile; fileRef = 5C839D0329942F1C00ECCD91 /* ForgotPasswordScreen.swift */; };
		5C839D0729942F1C00ECCD91 /* ForgotPasswordViewModel.swift in Sources */ = {isa = PBXBuildFile; fileRef = 5C839D0429942F1C00ECCD91 /* ForgotPasswordViewModel.swift */; };
		5C839D0829942F1C00ECCD91 /* ForgotPasswordVC.swift in Sources */ = {isa = PBXBuildFile; fileRef = 5C839D0529942F1C00ECCD91 /* ForgotPasswordVC.swift */; };
		5CBAE68129ACE2E800C61BC3 /* TabbarViewController.swift in Sources */ = {isa = PBXBuildFile; fileRef = 5CBAE68029ACE2E800C61BC3 /* TabbarViewController.swift */; };
		5CF0D537299BC1AE00492B59 /* LoginViewModel.swift in Sources */ = {isa = PBXBuildFile; fileRef = 5CF0D536299BC1AE00492B59 /* LoginViewModel.swift */; };
		BE8F153D299427A30061E432 /* AppDelegate.swift in Sources */ = {isa = PBXBuildFile; fileRef = BE8F153C299427A30061E432 /* AppDelegate.swift */; };
		BE8F153F299427A30061E432 /* SceneDelegate.swift in Sources */ = {isa = PBXBuildFile; fileRef = BE8F153E299427A30061E432 /* SceneDelegate.swift */; };
		BE8F1546299427A40061E432 /* Assets.xcassets in Resources */ = {isa = PBXBuildFile; fileRef = BE8F1545299427A40061E432 /* Assets.xcassets */; };
		BE8F1549299427A40061E432 /* LaunchScreen.storyboard in Resources */ = {isa = PBXBuildFile; fileRef = BE8F1547299427A40061E432 /* LaunchScreen.storyboard */; };
		EB122BA629A54BB900F43ED1 /* HomeVC.swift in Sources */ = {isa = PBXBuildFile; fileRef = EB122BA529A54BB900F43ED1 /* HomeVC.swift */; };
		EB122BA829A54BCF00F43ED1 /* HomeScreen.swift in Sources */ = {isa = PBXBuildFile; fileRef = EB122BA729A54BCF00F43ED1 /* HomeScreen.swift */; };
		EB122BAF29A5836300F43ED1 /* HomeViewModel.swift in Sources */ = {isa = PBXBuildFile; fileRef = EB122BAE29A5836300F43ED1 /* HomeViewModel.swift */; };
		EB16953E29EDA4A5004929DB /* HomeTableViewErrorTableViewCell.swift in Sources */ = {isa = PBXBuildFile; fileRef = EB16953D29EDA4A5004929DB /* HomeTableViewErrorTableViewCell.swift */; };
		EB283CBE29A1B5B30094B3B7 /* Alert.swift in Sources */ = {isa = PBXBuildFile; fileRef = EB283CBD29A1B5B30094B3B7 /* Alert.swift */; };
		EB2B4E2A29CA160700660286 /* AlamofireImage in Frameworks */ = {isa = PBXBuildFile; productRef = EB2B4E2929CA160700660286 /* AlamofireImage */; };
		EB2B4E4429D1DB7800660286 /* GenericService.swift in Sources */ = {isa = PBXBuildFile; fileRef = EB2B4E4329D1DB7800660286 /* GenericService.swift */; };
		EB2B4E4729D1DC2E00660286 /* ListRickAndMorty.swift in Sources */ = {isa = PBXBuildFile; fileRef = EB2B4E4629D1DC2E00660286 /* ListRickAndMorty.swift */; };
		EB31C99A29D5BA8C0007C054 /* ErrorGenericVC.swift in Sources */ = {isa = PBXBuildFile; fileRef = EB31C99929D5BA8C0007C054 /* ErrorGenericVC.swift */; };
		EB31C99C29D5BAC20007C054 /* ErrorGenericScreen.swift in Sources */ = {isa = PBXBuildFile; fileRef = EB31C99B29D5BAC20007C054 /* ErrorGenericScreen.swift */; };
		EB34536729955FD2009A2D52 /* GoogleService-Info.plist in Resources */ = {isa = PBXBuildFile; fileRef = EB34536629955FD2009A2D52 /* GoogleService-Info.plist */; };
		EB34536A299560C9009A2D52 /* FirebaseAuth in Frameworks */ = {isa = PBXBuildFile; productRef = EB345369299560C9009A2D52 /* FirebaseAuth */; };
		EB34536C299560C9009A2D52 /* FirebaseDatabase in Frameworks */ = {isa = PBXBuildFile; productRef = EB34536B299560C9009A2D52 /* FirebaseDatabase */; };
		EB34536E299560C9009A2D52 /* FirebaseFirestore in Frameworks */ = {isa = PBXBuildFile; productRef = EB34536D299560C9009A2D52 /* FirebaseFirestore */; };
		EB345370299560C9009A2D52 /* FirebaseStorage in Frameworks */ = {isa = PBXBuildFile; productRef = EB34536F299560C9009A2D52 /* FirebaseStorage */; };
		EB47C78D29AA8FC800D3B6E5 /* DetalisScrren.swift in Sources */ = {isa = PBXBuildFile; fileRef = EB47C78C29AA8FC800D3B6E5 /* DetalisScrren.swift */; };
		EB47C78F29AA908600D3B6E5 /* DetalisVC.swift in Sources */ = {isa = PBXBuildFile; fileRef = EB47C78E29AA908600D3B6E5 /* DetalisVC.swift */; };
		EB4BCD3629D1E6FB00C2C5D4 /* HomeList.swift in Sources */ = {isa = PBXBuildFile; fileRef = EB4BCD3529D1E6FB00C2C5D4 /* HomeList.swift */; };
		EB4BCD3829D1F05300C2C5D4 /* DetalisList.swift in Sources */ = {isa = PBXBuildFile; fileRef = EB4BCD3729D1F05300C2C5D4 /* DetalisList.swift */; };
		EB4BCD3B29D1F27900C2C5D4 /* DetalisViewModel.swift in Sources */ = {isa = PBXBuildFile; fileRef = EB4BCD3A29D1F27900C2C5D4 /* DetalisViewModel.swift */; };
		EB5A61F02995722D00F6C196 /* RegisterViewModel.swift in Sources */ = {isa = PBXBuildFile; fileRef = EB5A61EF2995722C00F6C196 /* RegisterViewModel.swift */; };
		EB90EA5129942CF300FC36CF /* RegisterScreen.swift in Sources */ = {isa = PBXBuildFile; fileRef = EB90EA5029942CF300FC36CF /* RegisterScreen.swift */; };
		EB90EA5329942D0900FC36CF /* RegisterVC.swift in Sources */ = {isa = PBXBuildFile; fileRef = EB90EA5229942D0900FC36CF /* RegisterVC.swift */; };
		EB90EA5629942ED400FC36CF /* ViewCode.swift in Sources */ = {isa = PBXBuildFile; fileRef = EB90EA5529942ED400FC36CF /* ViewCode.swift */; };
		EBA5A92529BD68DB00C0D988 /* EmptyCollectionViewCell.swift in Sources */ = {isa = PBXBuildFile; fileRef = EBA5A92429BD68DB00C0D988 /* EmptyCollectionViewCell.swift */; };
		EBA5A92829BF854200C0D988 /* FavoritosViewModel.swift in Sources */ = {isa = PBXBuildFile; fileRef = EBA5A92729BF854200C0D988 /* FavoritosViewModel.swift */; };
		EBAA144429DB4D8300551E2F /* FavoritosList.swift in Sources */ = {isa = PBXBuildFile; fileRef = EBAA144329DB4D8300551E2F /* FavoritosList.swift */; };
		EBAA25C729B910B0005BB08F /* FavoritesVC.swift in Sources */ = {isa = PBXBuildFile; fileRef = EBAA25C629B910B0005BB08F /* FavoritesVC.swift */; };
		EBAA25C929B910C0005BB08F /* FavoritesScreen.swift in Sources */ = {isa = PBXBuildFile; fileRef = EBAA25C829B910C0005BB08F /* FavoritesScreen.swift */; };
		EBAA25CE29BBACEA005BB08F /* PersonsCollectionViewCell.swift in Sources */ = {isa = PBXBuildFile; fileRef = EBAA25CD29BBACEA005BB08F /* PersonsCollectionViewCell.swift */; };
		EBB26D9B29C248F30079AF6E /* ProfileVC.swift in Sources */ = {isa = PBXBuildFile; fileRef = EBB26D9A29C248F30079AF6E /* ProfileVC.swift */; };
		EBB26D9D29C249200079AF6E /* ProfileScreen.swift in Sources */ = {isa = PBXBuildFile; fileRef = EBB26D9C29C249200079AF6E /* ProfileScreen.swift */; };
		EBB26DA529C4FA010079AF6E /* User.swift in Sources */ = {isa = PBXBuildFile; fileRef = EBB26DA429C4FA010079AF6E /* User.swift */; };
		EBB26DA829C503250079AF6E /* ProfileViewModel.swift in Sources */ = {isa = PBXBuildFile; fileRef = EBB26DA729C503250079AF6E /* ProfileViewModel.swift */; };
		EBCE682629A92FC8006D1A8D /* HomeTableViewCell.swift in Sources */ = {isa = PBXBuildFile; fileRef = EBCE682529A92FC8006D1A8D /* HomeTableViewCell.swift */; };
/* End PBXBuildFile section */

/* Begin PBXFileReference section */
		5C839CFA29942D1E00ECCD91 /* LoginVC.swift */ = {isa = PBXFileReference; fileEncoding = 4; lastKnownFileType = sourcecode.swift; path = LoginVC.swift; sourceTree = "<group>"; };
		5C839CFF29942D6400ECCD91 /* LoginScreen.swift */ = {isa = PBXFileReference; fileEncoding = 4; lastKnownFileType = sourcecode.swift; path = LoginScreen.swift; sourceTree = "<group>"; };
		5C839D0329942F1C00ECCD91 /* ForgotPasswordScreen.swift */ = {isa = PBXFileReference; fileEncoding = 4; lastKnownFileType = sourcecode.swift; path = ForgotPasswordScreen.swift; sourceTree = "<group>"; };
		5C839D0429942F1C00ECCD91 /* ForgotPasswordViewModel.swift */ = {isa = PBXFileReference; fileEncoding = 4; lastKnownFileType = sourcecode.swift; path = ForgotPasswordViewModel.swift; sourceTree = "<group>"; };
		5C839D0529942F1C00ECCD91 /* ForgotPasswordVC.swift */ = {isa = PBXFileReference; fileEncoding = 4; lastKnownFileType = sourcecode.swift; path = ForgotPasswordVC.swift; sourceTree = "<group>"; };
		5CBAE68029ACE2E800C61BC3 /* TabbarViewController.swift */ = {isa = PBXFileReference; lastKnownFileType = sourcecode.swift; path = TabbarViewController.swift; sourceTree = "<group>"; };
		5CF0D536299BC1AE00492B59 /* LoginViewModel.swift */ = {isa = PBXFileReference; lastKnownFileType = sourcecode.swift; path = LoginViewModel.swift; sourceTree = "<group>"; };
		BE8F1539299427A30061E432 /* rickMorty.app */ = {isa = PBXFileReference; explicitFileType = wrapper.application; includeInIndex = 0; path = rickMorty.app; sourceTree = BUILT_PRODUCTS_DIR; };
		BE8F153C299427A30061E432 /* AppDelegate.swift */ = {isa = PBXFileReference; lastKnownFileType = sourcecode.swift; path = AppDelegate.swift; sourceTree = "<group>"; };
		BE8F153E299427A30061E432 /* SceneDelegate.swift */ = {isa = PBXFileReference; lastKnownFileType = sourcecode.swift; path = SceneDelegate.swift; sourceTree = "<group>"; };
		BE8F1545299427A40061E432 /* Assets.xcassets */ = {isa = PBXFileReference; lastKnownFileType = folder.assetcatalog; path = Assets.xcassets; sourceTree = "<group>"; };
		BE8F1548299427A40061E432 /* Base */ = {isa = PBXFileReference; lastKnownFileType = file.storyboard; name = Base; path = Base.lproj/LaunchScreen.storyboard; sourceTree = "<group>"; };
		BE8F154A299427A40061E432 /* Info.plist */ = {isa = PBXFileReference; lastKnownFileType = text.plist.xml; path = Info.plist; sourceTree = "<group>"; };
		EB122BA529A54BB900F43ED1 /* HomeVC.swift */ = {isa = PBXFileReference; lastKnownFileType = sourcecode.swift; path = HomeVC.swift; sourceTree = "<group>"; };
		EB122BA729A54BCF00F43ED1 /* HomeScreen.swift */ = {isa = PBXFileReference; lastKnownFileType = sourcecode.swift; path = HomeScreen.swift; sourceTree = "<group>"; };
		EB122BAE29A5836300F43ED1 /* HomeViewModel.swift */ = {isa = PBXFileReference; lastKnownFileType = sourcecode.swift; path = HomeViewModel.swift; sourceTree = "<group>"; };
		EB16953D29EDA4A5004929DB /* HomeTableViewErrorTableViewCell.swift */ = {isa = PBXFileReference; lastKnownFileType = sourcecode.swift; path = HomeTableViewErrorTableViewCell.swift; sourceTree = "<group>"; };
		EB283CBD29A1B5B30094B3B7 /* Alert.swift */ = {isa = PBXFileReference; lastKnownFileType = sourcecode.swift; path = Alert.swift; sourceTree = "<group>"; };
		EB2B4E4329D1DB7800660286 /* GenericService.swift */ = {isa = PBXFileReference; lastKnownFileType = sourcecode.swift; path = GenericService.swift; sourceTree = "<group>"; };
		EB2B4E4629D1DC2E00660286 /* ListRickAndMorty.swift */ = {isa = PBXFileReference; lastKnownFileType = sourcecode.swift; path = ListRickAndMorty.swift; sourceTree = "<group>"; };
		EB31C99929D5BA8C0007C054 /* ErrorGenericVC.swift */ = {isa = PBXFileReference; lastKnownFileType = sourcecode.swift; path = ErrorGenericVC.swift; sourceTree = "<group>"; };
		EB31C99B29D5BAC20007C054 /* ErrorGenericScreen.swift */ = {isa = PBXFileReference; lastKnownFileType = sourcecode.swift; path = ErrorGenericScreen.swift; sourceTree = "<group>"; };
		EB34536629955FD2009A2D52 /* GoogleService-Info.plist */ = {isa = PBXFileReference; fileEncoding = 4; lastKnownFileType = text.plist.xml; path = "GoogleService-Info.plist"; sourceTree = "<group>"; };
		EB47C78C29AA8FC800D3B6E5 /* DetalisScrren.swift */ = {isa = PBXFileReference; lastKnownFileType = sourcecode.swift; path = DetalisScrren.swift; sourceTree = "<group>"; };
		EB47C78E29AA908600D3B6E5 /* DetalisVC.swift */ = {isa = PBXFileReference; lastKnownFileType = sourcecode.swift; path = DetalisVC.swift; sourceTree = "<group>"; };
		EB4BCD3529D1E6FB00C2C5D4 /* HomeList.swift */ = {isa = PBXFileReference; lastKnownFileType = sourcecode.swift; path = HomeList.swift; sourceTree = "<group>"; };
		EB4BCD3729D1F05300C2C5D4 /* DetalisList.swift */ = {isa = PBXFileReference; lastKnownFileType = sourcecode.swift; path = DetalisList.swift; sourceTree = "<group>"; };
		EB4BCD3A29D1F27900C2C5D4 /* DetalisViewModel.swift */ = {isa = PBXFileReference; lastKnownFileType = sourcecode.swift; path = DetalisViewModel.swift; sourceTree = "<group>"; };
		EB5A61EF2995722C00F6C196 /* RegisterViewModel.swift */ = {isa = PBXFileReference; lastKnownFileType = sourcecode.swift; path = RegisterViewModel.swift; sourceTree = "<group>"; };
		EB90EA5029942CF300FC36CF /* RegisterScreen.swift */ = {isa = PBXFileReference; lastKnownFileType = sourcecode.swift; path = RegisterScreen.swift; sourceTree = "<group>"; };
		EB90EA5229942D0900FC36CF /* RegisterVC.swift */ = {isa = PBXFileReference; lastKnownFileType = sourcecode.swift; path = RegisterVC.swift; sourceTree = "<group>"; };
		EB90EA5529942ED400FC36CF /* ViewCode.swift */ = {isa = PBXFileReference; fileEncoding = 4; lastKnownFileType = sourcecode.swift; path = ViewCode.swift; sourceTree = "<group>"; };
		EBA5A92429BD68DB00C0D988 /* EmptyCollectionViewCell.swift */ = {isa = PBXFileReference; lastKnownFileType = sourcecode.swift; path = EmptyCollectionViewCell.swift; sourceTree = "<group>"; };
		EBA5A92729BF854200C0D988 /* FavoritosViewModel.swift */ = {isa = PBXFileReference; lastKnownFileType = sourcecode.swift; path = FavoritosViewModel.swift; sourceTree = "<group>"; };
		EBAA144329DB4D8300551E2F /* FavoritosList.swift */ = {isa = PBXFileReference; lastKnownFileType = sourcecode.swift; path = FavoritosList.swift; sourceTree = "<group>"; };
		EBAA25C629B910B0005BB08F /* FavoritesVC.swift */ = {isa = PBXFileReference; lastKnownFileType = sourcecode.swift; path = FavoritesVC.swift; sourceTree = "<group>"; };
		EBAA25C829B910C0005BB08F /* FavoritesScreen.swift */ = {isa = PBXFileReference; lastKnownFileType = sourcecode.swift; path = FavoritesScreen.swift; sourceTree = "<group>"; };
		EBAA25CD29BBACEA005BB08F /* PersonsCollectionViewCell.swift */ = {isa = PBXFileReference; lastKnownFileType = sourcecode.swift; path = PersonsCollectionViewCell.swift; sourceTree = "<group>"; };
		EBB26D9A29C248F30079AF6E /* ProfileVC.swift */ = {isa = PBXFileReference; lastKnownFileType = sourcecode.swift; path = ProfileVC.swift; sourceTree = "<group>"; };
		EBB26D9C29C249200079AF6E /* ProfileScreen.swift */ = {isa = PBXFileReference; lastKnownFileType = sourcecode.swift; path = ProfileScreen.swift; sourceTree = "<group>"; };
		EBB26DA429C4FA010079AF6E /* User.swift */ = {isa = PBXFileReference; lastKnownFileType = sourcecode.swift; path = User.swift; sourceTree = "<group>"; };
		EBB26DA729C503250079AF6E /* ProfileViewModel.swift */ = {isa = PBXFileReference; lastKnownFileType = sourcecode.swift; path = ProfileViewModel.swift; sourceTree = "<group>"; };
		EBCE682529A92FC8006D1A8D /* HomeTableViewCell.swift */ = {isa = PBXFileReference; lastKnownFileType = sourcecode.swift; path = HomeTableViewCell.swift; sourceTree = "<group>"; };
/* End PBXFileReference section */

/* Begin PBXFrameworksBuildPhase section */
		BE8F1536299427A30061E432 /* Frameworks */ = {
			isa = PBXFrameworksBuildPhase;
			buildActionMask = 2147483647;
			files = (
				EB34536C299560C9009A2D52 /* FirebaseDatabase in Frameworks */,
				EB345370299560C9009A2D52 /* FirebaseStorage in Frameworks */,
				EB2B4E2A29CA160700660286 /* AlamofireImage in Frameworks */,
				EB34536A299560C9009A2D52 /* FirebaseAuth in Frameworks */,
				EB34536E299560C9009A2D52 /* FirebaseFirestore in Frameworks */,
			);
			runOnlyForDeploymentPostprocessing = 0;
		};
/* End PBXFrameworksBuildPhase section */

/* Begin PBXGroup section */
		5C839CF929942CC500ECCD91 /* Login */ = {
			isa = PBXGroup;
			children = (
				EBA5A91C29BBB9D800C0D988 /* ViewController */,
				EBA5A91B29BBB9D300C0D988 /* View */,
				EBA5A91A29BBB9CC00C0D988 /* ViewModel */,
			);
			path = Login;
			sourceTree = "<group>";
		};
		5C839D0229942EC900ECCD91 /* ForgotPassword */ = {
			isa = PBXGroup;
			children = (
				EBA5A91929BBB9B600C0D988 /* ViewController */,
				EBA5A91829BBB9AA00C0D988 /* View */,
				EBA5A91729BBB99400C0D988 /* ViewModel */,
			);
			path = ForgotPassword;
			sourceTree = "<group>";
		};
		5CBAE67F29ACE23B00C61BC3 /* Tabbar */ = {
			isa = PBXGroup;
			children = (
				5CBAE68029ACE2E800C61BC3 /* TabbarViewController.swift */,
			);
			path = Tabbar;
			sourceTree = "<group>";
		};
		BE8F1530299427A30061E432 = {
			isa = PBXGroup;
			children = (
				BE8F153B299427A30061E432 /* rickMorty */,
				BE8F153A299427A30061E432 /* Products */,
			);
			sourceTree = "<group>";
		};
		BE8F153A299427A30061E432 /* Products */ = {
			isa = PBXGroup;
			children = (
				BE8F1539299427A30061E432 /* rickMorty.app */,
			);
			name = Products;
			sourceTree = "<group>";
		};
		BE8F153B299427A30061E432 /* rickMorty */ = {
			isa = PBXGroup;
			children = (
				EB31C99829D5BA650007C054 /* ErrorGeneric */,
				EB2B4E4229D1DB6000660286 /* Service */,
				EB283CBC29A1B5A20094B3B7 /* Alerts */,
				EB90EA5429942EC000FC36CF /* Protocol */,
				EB90EA4A29942C9400FC36CF /* Features */,
				BE8F153C299427A30061E432 /* AppDelegate.swift */,
				BE8F153E299427A30061E432 /* SceneDelegate.swift */,
				BE8F1545299427A40061E432 /* Assets.xcassets */,
				BE8F1547299427A40061E432 /* LaunchScreen.storyboard */,
				BE8F154A299427A40061E432 /* Info.plist */,
				EB34536629955FD2009A2D52 /* GoogleService-Info.plist */,
			);
			path = rickMorty;
			sourceTree = "<group>";
		};
		EB122BA329A54B5900F43ED1 /* Home */ = {
			isa = PBXGroup;
			children = (
				EBCE682929A94263006D1A8D /* ViewController */,
				EBCE682A29A9426D006D1A8D /* View */,
				EBCE682729A9423E006D1A8D /* ViewModel */,
				EBCE682429A92FA3006D1A8D /* Cell */,
			);
			path = Home;
			sourceTree = "<group>";
		};
		EB283CBC29A1B5A20094B3B7 /* Alerts */ = {
			isa = PBXGroup;
			children = (
				EB283CBD29A1B5B30094B3B7 /* Alert.swift */,
			);
			path = Alerts;
			sourceTree = "<group>";
		};
		EB2B4E4229D1DB6000660286 /* Service */ = {
			isa = PBXGroup;
			children = (
				EB2B4E4329D1DB7800660286 /* GenericService.swift */,
				EB2B4E4629D1DC2E00660286 /* ListRickAndMorty.swift */,
				EB4BCD3529D1E6FB00C2C5D4 /* HomeList.swift */,
				EB4BCD3729D1F05300C2C5D4 /* DetalisList.swift */,
				EBAA144329DB4D8300551E2F /* FavoritosList.swift */,
			);
			path = Service;
			sourceTree = "<group>";
		};
		EB31C99829D5BA650007C054 /* ErrorGeneric */ = {
			isa = PBXGroup;
			children = (
				EB31C99929D5BA8C0007C054 /* ErrorGenericVC.swift */,
				EB31C99B29D5BAC20007C054 /* ErrorGenericScreen.swift */,
			);
			path = ErrorGeneric;
			sourceTree = "<group>";
		};
		EB47C78B29AA8F6900D3B6E5 /* Detalis */ = {
			isa = PBXGroup;
			children = (
				EB4BCD3929D1F26A00C2C5D4 /* ViewModel */,
				EBA5A91629BBB96B00C0D988 /* ViewController */,
				EBA5A91529BBB96100C0D988 /* View */,
			);
			path = Detalis;
			sourceTree = "<group>";
		};
		EB4BCD3929D1F26A00C2C5D4 /* ViewModel */ = {
			isa = PBXGroup;
			children = (
				EB4BCD3A29D1F27900C2C5D4 /* DetalisViewModel.swift */,
			);
			path = ViewModel;
			sourceTree = "<group>";
		};
		EB90EA4A29942C9400FC36CF /* Features */ = {
			isa = PBXGroup;
			children = (
				EBB26D9929C248C50079AF6E /* Profile */,
				EBAA25C529B9109E005BB08F /* Favorites */,
				5CBAE67F29ACE23B00C61BC3 /* Tabbar */,
				EB47C78B29AA8F6900D3B6E5 /* Detalis */,
				EB122BA329A54B5900F43ED1 /* Home */,
				5C839D0229942EC900ECCD91 /* ForgotPassword */,
				5C839CF929942CC500ECCD91 /* Login */,
				EB90EA4C29942CA300FC36CF /* Register */,
			);
			path = Features;
			sourceTree = "<group>";
		};
		EB90EA4C29942CA300FC36CF /* Register */ = {
			isa = PBXGroup;
			children = (
				EBA5A92129BBBA3400C0D988 /* ViewController */,
				EBA5A92029BBBA2400C0D988 /* View */,
				EBA5A91D29BBB9E300C0D988 /* ViewModel */,
			);
			path = Register;
			sourceTree = "<group>";
		};
		EB90EA5429942EC000FC36CF /* Protocol */ = {
			isa = PBXGroup;
			children = (
				EB90EA5529942ED400FC36CF /* ViewCode.swift */,
			);
			path = Protocol;
			sourceTree = "<group>";
		};
		EBA5A91529BBB96100C0D988 /* View */ = {
			isa = PBXGroup;
			children = (
				EB47C78C29AA8FC800D3B6E5 /* DetalisScrren.swift */,
			);
			path = View;
			sourceTree = "<group>";
		};
		EBA5A91629BBB96B00C0D988 /* ViewController */ = {
			isa = PBXGroup;
			children = (
				EB47C78E29AA908600D3B6E5 /* DetalisVC.swift */,
			);
			path = ViewController;
			sourceTree = "<group>";
		};
		EBA5A91729BBB99400C0D988 /* ViewModel */ = {
			isa = PBXGroup;
			children = (
				5C839D0429942F1C00ECCD91 /* ForgotPasswordViewModel.swift */,
			);
			path = ViewModel;
			sourceTree = "<group>";
		};
		EBA5A91829BBB9AA00C0D988 /* View */ = {
			isa = PBXGroup;
			children = (
				5C839D0329942F1C00ECCD91 /* ForgotPasswordScreen.swift */,
			);
			path = View;
			sourceTree = "<group>";
		};
		EBA5A91929BBB9B600C0D988 /* ViewController */ = {
			isa = PBXGroup;
			children = (
				5C839D0529942F1C00ECCD91 /* ForgotPasswordVC.swift */,
			);
			path = ViewController;
			sourceTree = "<group>";
		};
		EBA5A91A29BBB9CC00C0D988 /* ViewModel */ = {
			isa = PBXGroup;
			children = (
				5CF0D536299BC1AE00492B59 /* LoginViewModel.swift */,
			);
			path = ViewModel;
			sourceTree = "<group>";
		};
		EBA5A91B29BBB9D300C0D988 /* View */ = {
			isa = PBXGroup;
			children = (
				5C839CFF29942D6400ECCD91 /* LoginScreen.swift */,
			);
			path = View;
			sourceTree = "<group>";
		};
		EBA5A91C29BBB9D800C0D988 /* ViewController */ = {
			isa = PBXGroup;
			children = (
				5C839CFA29942D1E00ECCD91 /* LoginVC.swift */,
			);
			path = ViewController;
			sourceTree = "<group>";
		};
		EBA5A91D29BBB9E300C0D988 /* ViewModel */ = {
			isa = PBXGroup;
			children = (
				EB5A61EF2995722C00F6C196 /* RegisterViewModel.swift */,
			);
			path = ViewModel;
			sourceTree = "<group>";
		};
		EBA5A92029BBBA2400C0D988 /* View */ = {
			isa = PBXGroup;
			children = (
				EB90EA5029942CF300FC36CF /* RegisterScreen.swift */,
			);
			name = View;
			path = ViewModel/View;
			sourceTree = "<group>";
		};
		EBA5A92129BBBA3400C0D988 /* ViewController */ = {
			isa = PBXGroup;
			children = (
				EB90EA5229942D0900FC36CF /* RegisterVC.swift */,
			);
			name = ViewController;
			path = ../../ViewController;
			sourceTree = "<group>";
		};
		EBA5A92629BF851400C0D988 /* ViewModel */ = {
			isa = PBXGroup;
			children = (
				EBA5A92729BF854200C0D988 /* FavoritosViewModel.swift */,
			);
			path = ViewModel;
			sourceTree = "<group>";
		};
		EBAA25C529B9109E005BB08F /* Favorites */ = {
			isa = PBXGroup;
			children = (
				EBAA25CC29BBACA2005BB08F /* ViewController */,
				EBAA25CB29BBAC99005BB08F /* View */,
				EBA5A92629BF851400C0D988 /* ViewModel */,
				EBAA25CA29BBAC8D005BB08F /* Cell */,
			);
			path = Favorites;
			sourceTree = "<group>";
		};
		EBAA25CA29BBAC8D005BB08F /* Cell */ = {
			isa = PBXGroup;
			children = (
				EBAA25CD29BBACEA005BB08F /* PersonsCollectionViewCell.swift */,
				EBA5A92429BD68DB00C0D988 /* EmptyCollectionViewCell.swift */,
			);
			path = Cell;
			sourceTree = "<group>";
		};
		EBAA25CB29BBAC99005BB08F /* View */ = {
			isa = PBXGroup;
			children = (
				EBAA25C829B910C0005BB08F /* FavoritesScreen.swift */,
			);
			path = View;
			sourceTree = "<group>";
		};
		EBAA25CC29BBACA2005BB08F /* ViewController */ = {
			isa = PBXGroup;
			children = (
				EBAA25C629B910B0005BB08F /* FavoritesVC.swift */,
			);
			path = ViewController;
			sourceTree = "<group>";
		};
		EBB26D9929C248C50079AF6E /* Profile */ = {
			isa = PBXGroup;
			children = (
				EBB26D9E29C29F640079AF6E /* ViewController */,
				EBB26D9F29C29F6F0079AF6E /* View */,
				EBB26DA629C502C60079AF6E /* ViewModel */,
				EBB26DA329C4F9780079AF6E /* Model */,
			);
			path = Profile;
			sourceTree = "<group>";
		};
		EBB26D9E29C29F640079AF6E /* ViewController */ = {
			isa = PBXGroup;
			children = (
				EBB26D9A29C248F30079AF6E /* ProfileVC.swift */,
			);
			path = ViewController;
			sourceTree = "<group>";
		};
		EBB26D9F29C29F6F0079AF6E /* View */ = {
			isa = PBXGroup;
			children = (
				EBB26D9C29C249200079AF6E /* ProfileScreen.swift */,
			);
			path = View;
			sourceTree = "<group>";
		};
		EBB26DA329C4F9780079AF6E /* Model */ = {
			isa = PBXGroup;
			children = (
				EBB26DA429C4FA010079AF6E /* User.swift */,
			);
			path = Model;
			sourceTree = "<group>";
		};
		EBB26DA629C502C60079AF6E /* ViewModel */ = {
			isa = PBXGroup;
			children = (
				EBB26DA729C503250079AF6E /* ProfileViewModel.swift */,
			);
			path = ViewModel;
			sourceTree = "<group>";
		};
		EBCE682429A92FA3006D1A8D /* Cell */ = {
			isa = PBXGroup;
			children = (
				EBCE682529A92FC8006D1A8D /* HomeTableViewCell.swift */,
				EB16953D29EDA4A5004929DB /* HomeTableViewErrorTableViewCell.swift */,
			);
			path = Cell;
			sourceTree = "<group>";
		};
		EBCE682729A9423E006D1A8D /* ViewModel */ = {
			isa = PBXGroup;
			children = (
				EB122BAE29A5836300F43ED1 /* HomeViewModel.swift */,
			);
			path = ViewModel;
			sourceTree = "<group>";
		};
		EBCE682929A94263006D1A8D /* ViewController */ = {
			isa = PBXGroup;
			children = (
				EB122BA529A54BB900F43ED1 /* HomeVC.swift */,
			);
			path = ViewController;
			sourceTree = "<group>";
		};
		EBCE682A29A9426D006D1A8D /* View */ = {
			isa = PBXGroup;
			children = (
				EB122BA729A54BCF00F43ED1 /* HomeScreen.swift */,
			);
			path = View;
			sourceTree = "<group>";
		};
/* End PBXGroup section */

/* Begin PBXNativeTarget section */
		BE8F1538299427A30061E432 /* rickMorty */ = {
			isa = PBXNativeTarget;
			buildConfigurationList = BE8F154D299427A40061E432 /* Build configuration list for PBXNativeTarget "rickMorty" */;
			buildPhases = (
				BE8F1535299427A30061E432 /* Sources */,
				BE8F1536299427A30061E432 /* Frameworks */,
				BE8F1537299427A30061E432 /* Resources */,
			);
			buildRules = (
			);
			dependencies = (
			);
			name = rickMorty;
			packageProductDependencies = (
				EB345369299560C9009A2D52 /* FirebaseAuth */,
				EB34536B299560C9009A2D52 /* FirebaseDatabase */,
				EB34536D299560C9009A2D52 /* FirebaseFirestore */,
				EB34536F299560C9009A2D52 /* FirebaseStorage */,
				EB2B4E2929CA160700660286 /* AlamofireImage */,
			);
			productName = rickMorty;
			productReference = BE8F1539299427A30061E432 /* rickMorty.app */;
			productType = "com.apple.product-type.application";
		};
/* End PBXNativeTarget section */

/* Begin PBXProject section */
		BE8F1531299427A30061E432 /* Project object */ = {
			isa = PBXProject;
			attributes = {
				BuildIndependentTargetsInParallel = 1;
				LastSwiftUpdateCheck = 1420;
				LastUpgradeCheck = 1420;
				TargetAttributes = {
					BE8F1538299427A30061E432 = {
						CreatedOnToolsVersion = 14.2;
					};
				};
			};
			buildConfigurationList = BE8F1534299427A30061E432 /* Build configuration list for PBXProject "rickMorty" */;
			compatibilityVersion = "Xcode 14.0";
			developmentRegion = en;
			hasScannedForEncodings = 0;
			knownRegions = (
				en,
				Base,
			);
			mainGroup = BE8F1530299427A30061E432;
			packageReferences = (
				EB345368299560C9009A2D52 /* XCRemoteSwiftPackageReference "firebase-ios-sdk" */,
				EB2B4E2829CA160700660286 /* XCRemoteSwiftPackageReference "AlamofireImage" */,
			);
			productRefGroup = BE8F153A299427A30061E432 /* Products */;
			projectDirPath = "";
			projectRoot = "";
			targets = (
				BE8F1538299427A30061E432 /* rickMorty */,
			);
		};
/* End PBXProject section */

/* Begin PBXResourcesBuildPhase section */
		BE8F1537299427A30061E432 /* Resources */ = {
			isa = PBXResourcesBuildPhase;
			buildActionMask = 2147483647;
			files = (
				BE8F1549299427A40061E432 /* LaunchScreen.storyboard in Resources */,
				EB34536729955FD2009A2D52 /* GoogleService-Info.plist in Resources */,
				BE8F1546299427A40061E432 /* Assets.xcassets in Resources */,
			);
			runOnlyForDeploymentPostprocessing = 0;
		};
/* End PBXResourcesBuildPhase section */

/* Begin PBXSourcesBuildPhase section */
		BE8F1535299427A30061E432 /* Sources */ = {
			isa = PBXSourcesBuildPhase;
			buildActionMask = 2147483647;
			files = (
				EBAA25C729B910B0005BB08F /* FavoritesVC.swift in Sources */,
				EB47C78D29AA8FC800D3B6E5 /* DetalisScrren.swift in Sources */,
				EB31C99C29D5BAC20007C054 /* ErrorGenericScreen.swift in Sources */,
				5C839D0729942F1C00ECCD91 /* ForgotPasswordViewModel.swift in Sources */,
				EBB26D9B29C248F30079AF6E /* ProfileVC.swift in Sources */,
				EB2B4E4729D1DC2E00660286 /* ListRickAndMorty.swift in Sources */,
				EBB26DA529C4FA010079AF6E /* User.swift in Sources */,
				EB4BCD3829D1F05300C2C5D4 /* DetalisList.swift in Sources */,
				EB2B4E4429D1DB7800660286 /* GenericService.swift in Sources */,
				EB122BAF29A5836300F43ED1 /* HomeViewModel.swift in Sources */,
				EB122BA629A54BB900F43ED1 /* HomeVC.swift in Sources */,
				5C839D0829942F1C00ECCD91 /* ForgotPasswordVC.swift in Sources */,
				EBAA25C929B910C0005BB08F /* FavoritesScreen.swift in Sources */,
				EBA5A92529BD68DB00C0D988 /* EmptyCollectionViewCell.swift in Sources */,
				EB47C78F29AA908600D3B6E5 /* DetalisVC.swift in Sources */,
				5C839CFB29942D1E00ECCD91 /* LoginVC.swift in Sources */,
				EB4BCD3B29D1F27900C2C5D4 /* DetalisViewModel.swift in Sources */,
				EBB26DA829C503250079AF6E /* ProfileViewModel.swift in Sources */,
				EBCE682629A92FC8006D1A8D /* HomeTableViewCell.swift in Sources */,
				EB90EA5129942CF300FC36CF /* RegisterScreen.swift in Sources */,
				EB283CBE29A1B5B30094B3B7 /* Alert.swift in Sources */,
				EB90EA5629942ED400FC36CF /* ViewCode.swift in Sources */,
				EB4BCD3629D1E6FB00C2C5D4 /* HomeList.swift in Sources */,
				5CBAE68129ACE2E800C61BC3 /* TabbarViewController.swift in Sources */,
				EB90EA5329942D0900FC36CF /* RegisterVC.swift in Sources */,
				EBB26D9D29C249200079AF6E /* ProfileScreen.swift in Sources */,
				BE8F153D299427A30061E432 /* AppDelegate.swift in Sources */,
				EB16953E29EDA4A5004929DB /* HomeTableViewErrorTableViewCell.swift in Sources */,
				EB5A61F02995722D00F6C196 /* RegisterViewModel.swift in Sources */,
				5CF0D537299BC1AE00492B59 /* LoginViewModel.swift in Sources */,
				EBAA25CE29BBACEA005BB08F /* PersonsCollectionViewCell.swift in Sources */,
				EBA5A92829BF854200C0D988 /* FavoritosViewModel.swift in Sources */,
				EB122BA829A54BCF00F43ED1 /* HomeScreen.swift in Sources */,
				5C839D0629942F1C00ECCD91 /* ForgotPasswordScreen.swift in Sources */,
				EBAA144429DB4D8300551E2F /* FavoritosList.swift in Sources */,
				BE8F153F299427A30061E432 /* SceneDelegate.swift in Sources */,
				EB31C99A29D5BA8C0007C054 /* ErrorGenericVC.swift in Sources */,
				5C839D0029942D6400ECCD91 /* LoginScreen.swift in Sources */,
			);
			runOnlyForDeploymentPostprocessing = 0;
		};
/* End PBXSourcesBuildPhase section */

/* Begin PBXVariantGroup section */
		BE8F1547299427A40061E432 /* LaunchScreen.storyboard */ = {
			isa = PBXVariantGroup;
			children = (
				BE8F1548299427A40061E432 /* Base */,
			);
			name = LaunchScreen.storyboard;
			sourceTree = "<group>";
		};
/* End PBXVariantGroup section */

/* Begin XCBuildConfiguration section */
		BE8F154B299427A40061E432 /* Debug */ = {
			isa = XCBuildConfiguration;
			buildSettings = {
				ALWAYS_SEARCH_USER_PATHS = NO;
				CLANG_ANALYZER_NONNULL = YES;
				CLANG_ANALYZER_NUMBER_OBJECT_CONVERSION = YES_AGGRESSIVE;
				CLANG_CXX_LANGUAGE_STANDARD = "gnu++20";
				CLANG_ENABLE_MODULES = YES;
				CLANG_ENABLE_OBJC_ARC = YES;
				CLANG_ENABLE_OBJC_WEAK = YES;
				CLANG_WARN_BLOCK_CAPTURE_AUTORELEASING = YES;
				CLANG_WARN_BOOL_CONVERSION = YES;
				CLANG_WARN_COMMA = YES;
				CLANG_WARN_CONSTANT_CONVERSION = YES;
				CLANG_WARN_DEPRECATED_OBJC_IMPLEMENTATIONS = YES;
				CLANG_WARN_DIRECT_OBJC_ISA_USAGE = YES_ERROR;
				CLANG_WARN_DOCUMENTATION_COMMENTS = YES;
				CLANG_WARN_EMPTY_BODY = YES;
				CLANG_WARN_ENUM_CONVERSION = YES;
				CLANG_WARN_INFINITE_RECURSION = YES;
				CLANG_WARN_INT_CONVERSION = YES;
				CLANG_WARN_NON_LITERAL_NULL_CONVERSION = YES;
				CLANG_WARN_OBJC_IMPLICIT_RETAIN_SELF = YES;
				CLANG_WARN_OBJC_LITERAL_CONVERSION = YES;
				CLANG_WARN_OBJC_ROOT_CLASS = YES_ERROR;
				CLANG_WARN_QUOTED_INCLUDE_IN_FRAMEWORK_HEADER = YES;
				CLANG_WARN_RANGE_LOOP_ANALYSIS = YES;
				CLANG_WARN_STRICT_PROTOTYPES = YES;
				CLANG_WARN_SUSPICIOUS_MOVE = YES;
				CLANG_WARN_UNGUARDED_AVAILABILITY = YES_AGGRESSIVE;
				CLANG_WARN_UNREACHABLE_CODE = YES;
				CLANG_WARN__DUPLICATE_METHOD_MATCH = YES;
				COPY_PHASE_STRIP = NO;
				DEBUG_INFORMATION_FORMAT = dwarf;
				ENABLE_STRICT_OBJC_MSGSEND = YES;
				ENABLE_TESTABILITY = YES;
				GCC_C_LANGUAGE_STANDARD = gnu11;
				GCC_DYNAMIC_NO_PIC = NO;
				GCC_NO_COMMON_BLOCKS = YES;
				GCC_OPTIMIZATION_LEVEL = 0;
				GCC_PREPROCESSOR_DEFINITIONS = (
					"DEBUG=1",
					"$(inherited)",
				);
				GCC_WARN_64_TO_32_BIT_CONVERSION = YES;
				GCC_WARN_ABOUT_RETURN_TYPE = YES_ERROR;
				GCC_WARN_UNDECLARED_SELECTOR = YES;
				GCC_WARN_UNINITIALIZED_AUTOS = YES_AGGRESSIVE;
				GCC_WARN_UNUSED_FUNCTION = YES;
				GCC_WARN_UNUSED_VARIABLE = YES;
				IPHONEOS_DEPLOYMENT_TARGET = 16.2;
				MTL_ENABLE_DEBUG_INFO = INCLUDE_SOURCE;
				MTL_FAST_MATH = YES;
				ONLY_ACTIVE_ARCH = YES;
				SDKROOT = iphoneos;
				SWIFT_ACTIVE_COMPILATION_CONDITIONS = DEBUG;
				SWIFT_OPTIMIZATION_LEVEL = "-Onone";
			};
			name = Debug;
		};
		BE8F154C299427A40061E432 /* Release */ = {
			isa = XCBuildConfiguration;
			buildSettings = {
				ALWAYS_SEARCH_USER_PATHS = NO;
				CLANG_ANALYZER_NONNULL = YES;
				CLANG_ANALYZER_NUMBER_OBJECT_CONVERSION = YES_AGGRESSIVE;
				CLANG_CXX_LANGUAGE_STANDARD = "gnu++20";
				CLANG_ENABLE_MODULES = YES;
				CLANG_ENABLE_OBJC_ARC = YES;
				CLANG_ENABLE_OBJC_WEAK = YES;
				CLANG_WARN_BLOCK_CAPTURE_AUTORELEASING = YES;
				CLANG_WARN_BOOL_CONVERSION = YES;
				CLANG_WARN_COMMA = YES;
				CLANG_WARN_CONSTANT_CONVERSION = YES;
				CLANG_WARN_DEPRECATED_OBJC_IMPLEMENTATIONS = YES;
				CLANG_WARN_DIRECT_OBJC_ISA_USAGE = YES_ERROR;
				CLANG_WARN_DOCUMENTATION_COMMENTS = YES;
				CLANG_WARN_EMPTY_BODY = YES;
				CLANG_WARN_ENUM_CONVERSION = YES;
				CLANG_WARN_INFINITE_RECURSION = YES;
				CLANG_WARN_INT_CONVERSION = YES;
				CLANG_WARN_NON_LITERAL_NULL_CONVERSION = YES;
				CLANG_WARN_OBJC_IMPLICIT_RETAIN_SELF = YES;
				CLANG_WARN_OBJC_LITERAL_CONVERSION = YES;
				CLANG_WARN_OBJC_ROOT_CLASS = YES_ERROR;
				CLANG_WARN_QUOTED_INCLUDE_IN_FRAMEWORK_HEADER = YES;
				CLANG_WARN_RANGE_LOOP_ANALYSIS = YES;
				CLANG_WARN_STRICT_PROTOTYPES = YES;
				CLANG_WARN_SUSPICIOUS_MOVE = YES;
				CLANG_WARN_UNGUARDED_AVAILABILITY = YES_AGGRESSIVE;
				CLANG_WARN_UNREACHABLE_CODE = YES;
				CLANG_WARN__DUPLICATE_METHOD_MATCH = YES;
				COPY_PHASE_STRIP = NO;
				DEBUG_INFORMATION_FORMAT = "dwarf-with-dsym";
				ENABLE_NS_ASSERTIONS = NO;
				ENABLE_STRICT_OBJC_MSGSEND = YES;
				GCC_C_LANGUAGE_STANDARD = gnu11;
				GCC_NO_COMMON_BLOCKS = YES;
				GCC_WARN_64_TO_32_BIT_CONVERSION = YES;
				GCC_WARN_ABOUT_RETURN_TYPE = YES_ERROR;
				GCC_WARN_UNDECLARED_SELECTOR = YES;
				GCC_WARN_UNINITIALIZED_AUTOS = YES_AGGRESSIVE;
				GCC_WARN_UNUSED_FUNCTION = YES;
				GCC_WARN_UNUSED_VARIABLE = YES;
				IPHONEOS_DEPLOYMENT_TARGET = 16.2;
				MTL_ENABLE_DEBUG_INFO = NO;
				MTL_FAST_MATH = YES;
				SDKROOT = iphoneos;
				SWIFT_COMPILATION_MODE = wholemodule;
				SWIFT_OPTIMIZATION_LEVEL = "-O";
				VALIDATE_PRODUCT = YES;
			};
			name = Release;
		};
		BE8F154E299427A40061E432 /* Debug */ = {
			isa = XCBuildConfiguration;
			buildSettings = {
				ASSETCATALOG_COMPILER_APPICON_NAME = AppIcon;
				ASSETCATALOG_COMPILER_GLOBAL_ACCENT_COLOR_NAME = AccentColor;
				CODE_SIGN_STYLE = Automatic;
				CURRENT_PROJECT_VERSION = 1;
				DEVELOPMENT_TEAM = ZA8R8PH29T;
				GENERATE_INFOPLIST_FILE = YES;
				INFOPLIST_FILE = rickMorty/Info.plist;
				INFOPLIST_KEY_UIApplicationSupportsIndirectInputEvents = YES;
				INFOPLIST_KEY_UILaunchStoryboardName = LaunchScreen;
				INFOPLIST_KEY_UIMainStoryboardFile = "";
				INFOPLIST_KEY_UISupportedInterfaceOrientations_iPad = "UIInterfaceOrientationPortrait UIInterfaceOrientationPortraitUpsideDown UIInterfaceOrientationLandscapeLeft UIInterfaceOrientationLandscapeRight";
				INFOPLIST_KEY_UISupportedInterfaceOrientations_iPhone = "UIInterfaceOrientationPortrait UIInterfaceOrientationLandscapeLeft UIInterfaceOrientationLandscapeRight";
				IPHONEOS_DEPLOYMENT_TARGET = 16.1;
				LD_RUNPATH_SEARCH_PATHS = (
					"$(inherited)",
					"@executable_path/Frameworks",
				);
				MARKETING_VERSION = 1.0;
				PRODUCT_BUNDLE_IDENTIFIER = devbrunolopes.rickMorty;
				PRODUCT_NAME = "$(TARGET_NAME)";
				SWIFT_EMIT_LOC_STRINGS = YES;
				SWIFT_VERSION = 5.0;
				TARGETED_DEVICE_FAMILY = "1,2";
			};
			name = Debug;
		};
		BE8F154F299427A40061E432 /* Release */ = {
			isa = XCBuildConfiguration;
			buildSettings = {
				ASSETCATALOG_COMPILER_APPICON_NAME = AppIcon;
				ASSETCATALOG_COMPILER_GLOBAL_ACCENT_COLOR_NAME = AccentColor;
				CODE_SIGN_STYLE = Automatic;
				CURRENT_PROJECT_VERSION = 1;
				DEVELOPMENT_TEAM = ZA8R8PH29T;
				GENERATE_INFOPLIST_FILE = YES;
				INFOPLIST_FILE = rickMorty/Info.plist;
				INFOPLIST_KEY_UIApplicationSupportsIndirectInputEvents = YES;
				INFOPLIST_KEY_UILaunchStoryboardName = LaunchScreen;
				INFOPLIST_KEY_UIMainStoryboardFile = "";
				INFOPLIST_KEY_UISupportedInterfaceOrientations_iPad = "UIInterfaceOrientationPortrait UIInterfaceOrientationPortraitUpsideDown UIInterfaceOrientationLandscapeLeft UIInterfaceOrientationLandscapeRight";
				INFOPLIST_KEY_UISupportedInterfaceOrientations_iPhone = "UIInterfaceOrientationPortrait UIInterfaceOrientationLandscapeLeft UIInterfaceOrientationLandscapeRight";
				IPHONEOS_DEPLOYMENT_TARGET = 16.1;
				LD_RUNPATH_SEARCH_PATHS = (
					"$(inherited)",
					"@executable_path/Frameworks",
				);
				MARKETING_VERSION = 1.0;
				PRODUCT_BUNDLE_IDENTIFIER = devbrunolopes.rickMorty;
				PRODUCT_NAME = "$(TARGET_NAME)";
				SWIFT_EMIT_LOC_STRINGS = YES;
				SWIFT_VERSION = 5.0;
				TARGETED_DEVICE_FAMILY = "1,2";
			};
			name = Release;
		};
/* End XCBuildConfiguration section */

/* Begin XCConfigurationList section */
		BE8F1534299427A30061E432 /* Build configuration list for PBXProject "rickMorty" */ = {
			isa = XCConfigurationList;
			buildConfigurations = (
				BE8F154B299427A40061E432 /* Debug */,
				BE8F154C299427A40061E432 /* Release */,
			);
			defaultConfigurationIsVisible = 0;
			defaultConfigurationName = Release;
		};
		BE8F154D299427A40061E432 /* Build configuration list for PBXNativeTarget "rickMorty" */ = {
			isa = XCConfigurationList;
			buildConfigurations = (
				BE8F154E299427A40061E432 /* Debug */,
				BE8F154F299427A40061E432 /* Release */,
			);
			defaultConfigurationIsVisible = 0;
			defaultConfigurationName = Release;
		};
/* End XCConfigurationList section */

/* Begin XCRemoteSwiftPackageReference section */
		EB2B4E2829CA160700660286 /* XCRemoteSwiftPackageReference "AlamofireImage" */ = {
			isa = XCRemoteSwiftPackageReference;
			repositoryURL = "https://github.com/Alamofire/AlamofireImage.git";
			requirement = {
				kind = upToNextMajorVersion;
				minimumVersion = 4.0.0;
			};
		};
		EB345368299560C9009A2D52 /* XCRemoteSwiftPackageReference "firebase-ios-sdk" */ = {
			isa = XCRemoteSwiftPackageReference;
			repositoryURL = "https://github.com/firebase/firebase-ios-sdk";
			requirement = {
				kind = upToNextMajorVersion;
				minimumVersion = 9.0.0;
			};
		};
/* End XCRemoteSwiftPackageReference section */

/* Begin XCSwiftPackageProductDependency section */
		EB2B4E2929CA160700660286 /* AlamofireImage */ = {
			isa = XCSwiftPackageProductDependency;
			package = EB2B4E2829CA160700660286 /* XCRemoteSwiftPackageReference "AlamofireImage" */;
			productName = AlamofireImage;
		};
		EB345369299560C9009A2D52 /* FirebaseAuth */ = {
			isa = XCSwiftPackageProductDependency;
			package = EB345368299560C9009A2D52 /* XCRemoteSwiftPackageReference "firebase-ios-sdk" */;
			productName = FirebaseAuth;
		};
		EB34536B299560C9009A2D52 /* FirebaseDatabase */ = {
			isa = XCSwiftPackageProductDependency;
			package = EB345368299560C9009A2D52 /* XCRemoteSwiftPackageReference "firebase-ios-sdk" */;
			productName = FirebaseDatabase;
		};
		EB34536D299560C9009A2D52 /* FirebaseFirestore */ = {
			isa = XCSwiftPackageProductDependency;
			package = EB345368299560C9009A2D52 /* XCRemoteSwiftPackageReference "firebase-ios-sdk" */;
			productName = FirebaseFirestore;
		};
		EB34536F299560C9009A2D52 /* FirebaseStorage */ = {
			isa = XCSwiftPackageProductDependency;
			package = EB345368299560C9009A2D52 /* XCRemoteSwiftPackageReference "firebase-ios-sdk" */;
			productName = FirebaseStorage;
		};
/* End XCSwiftPackageProductDependency section */
	};
	rootObject = BE8F1531299427A30061E432 /* Project object */;
}
